
Microsoft Visual Studio Solution File, Format Version 12.00
Project("{FAE04EC0-301F-11D3-BF4B-00C04F79EFBC}") = "TestForSem", "TestForSem\TestForSem.csproj", "{F5297086-FFA7-47E2-8717-6285695A2DE1}"
EndProject
Global
	GlobalSection(SolutionConfigurationPlatforms) = preSolution
		Debug|Any CPU = Debug|Any CPU
		Release|Any CPU = Release|Any CPU
	EndGlobalSection
	GlobalSection(ProjectConfigurationPlatforms) = postSolution
		{F5297086-FFA7-47E2-8717-6285695A2DE1}.Debug|Any CPU.ActiveCfg = Debug|Any CPU
		{F5297086-FFA7-47E2-8717-6285695A2DE1}.Debug|Any CPU.Build.0 = Debug|Any CPU
		{F5297086-FFA7-47E2-8717-6285695A2DE1}.Release|Any CPU.ActiveCfg = Release|Any CPU
		{F5297086-FFA7-47E2-8717-6285695A2DE1}.Release|Any CPU.Build.0 = Release|Any CPU
	EndGlobalSection
EndGlobal
